
Microsoft Visual Studio Solution File, Format Version 11.00
# Visual Studio 2010
Project("{FAE04EC0-301F-11D3-BF4B-00C04F79EFBC}") = "TO_1", "TO_1\TO_1.csproj", "{1A5E80FD-1BA3-45FB-BD5B-57DABB11E316}"
EndProject
Global
	GlobalSection(SolutionConfigurationPlatforms) = preSolution
		Debug|x86 = Debug|x86
		Release|x86 = Release|x86
	EndGlobalSection
	GlobalSection(ProjectConfigurationPlatforms) = postSolution
		{1A5E80FD-1BA3-45FB-BD5B-57DABB11E316}.Debug|x86.ActiveCfg = Debug|x86
		{1A5E80FD-1BA3-45FB-BD5B-57DABB11E316}.Debug|x86.Build.0 = Debug|x86
		{1A5E80FD-1BA3-45FB-BD5B-57DABB11E316}.Release|x86.ActiveCfg = Release|x86
		{1A5E80FD-1BA3-45FB-BD5B-57DABB11E316}.Release|x86.Build.0 = Release|x86
	EndGlobalSection
	GlobalSection(SolutionProperties) = preSolution
		HideSolutionNode = FALSE
	EndGlobalSection
EndGlobal
